// !$*UTF8*$!
{
	archiveVersion = 1;
	classes = {
	};
	objectVersion = 54;
	objects = {

/* Begin PBXBuildFile section */
		3D023F7A1F4942C60099BCA9 /* Checkbox.swift in Sources */ = {isa = PBXBuildFile; fileRef = 3D023F791F49406E0099BCA9 /* Checkbox.swift */; };
		3D023F7E1F49436B0099BCA9 /* Brother_Jack.mp3 in Resources */ = {isa = PBXBuildFile; fileRef = 3D023F7B1F4943220099BCA9 /* Brother_Jack.mp3 */; };
		3D032C602E7BEB3800C4FD5E /* SnapKit in Frameworks */ = {isa = PBXBuildFile; productRef = 3D032C5F2E7BEB3800C4FD5E /* SnapKit */; };
		3D032C642E7BEB5E00C4FD5E /* SnapKit in Frameworks */ = {isa = PBXBuildFile; productRef = 3D032C632E7BEB5E00C4FD5E /* SnapKit */; };
		3D032C662E7BECF400C4FD5E /* AppCoordinator.swift in Sources */ = {isa = PBXBuildFile; fileRef = 3D032C652E7BECEE00C4FD5E /* AppCoordinator.swift */; };
		3D032C682E7BED2B00C4FD5E /* SceneDelegate.swift in Sources */ = {isa = PBXBuildFile; fileRef = 3D032C672E7BED2000C4FD5E /* SceneDelegate.swift */; };
		3D032C6A2E7BED8F00C4FD5E /* Ads.swift in Sources */ = {isa = PBXBuildFile; fileRef = 3D032C692E7BED8500C4FD5E /* Ads.swift */; };
		3D032C6C2E7BEDB500C4FD5E /* IAP.swift in Sources */ = {isa = PBXBuildFile; fileRef = 3D032C6B2E7BEDAD00C4FD5E /* IAP.swift */; };
		3D032C6E2E7BEE2400C4FD5E /* Persistence.swift in Sources */ = {isa = PBXBuildFile; fileRef = 3D032C6D2E7BEE1500C4FD5E /* Persistence.swift */; };
		3D032C702E7BEE4B00C4FD5E /* Analytics.swift in Sources */ = {isa = PBXBuildFile; fileRef = 3D032C6F2E7BEE4300C4FD5E /* Analytics.swift */; };
		3D032C722E7BEE6800C4FD5E /* Container.swift in Sources */ = {isa = PBXBuildFile; fileRef = 3D032C712E7BEE6500C4FD5E /* Container.swift */; };
		3D032C742E7BEEF600C4FD5E /* GameCoordinator.swift in Sources */ = {isa = PBXBuildFile; fileRef = 3D032C732E7BEEEE00C4FD5E /* GameCoordinator.swift */; };
		3D032C762E7BEF3600C4FD5E /* GameViewModel.swift in Sources */ = {isa = PBXBuildFile; fileRef = 3D032C752E7BEF3000C4FD5E /* GameViewModel.swift */; };
		3D07A29C1ED1B1B600BFCE3A /* AppDelegate.swift in Sources */ = {isa = PBXBuildFile; fileRef = 3D07A29B1ED1B1B600BFCE3A /* AppDelegate.swift */; };
		3D07A2A21ED1B1B600BFCE3A /* GameScene.swift in Sources */ = {isa = PBXBuildFile; fileRef = 3D07A2A11ED1B1B600BFCE3A /* GameScene.swift */; };
		3D07A2A41ED1B1B600BFCE3A /* GameViewController.swift in Sources */ = {isa = PBXBuildFile; fileRef = 3D07A2A31ED1B1B600BFCE3A /* GameViewController.swift */; };
		3D07A2A71ED1B1B600BFCE3A /* Main.storyboard in Resources */ = {isa = PBXBuildFile; fileRef = 3D07A2A51ED1B1B600BFCE3A /* Main.storyboard */; };
		3D07A2AC1ED1B1B600BFCE3A /* LaunchScreen.storyboard in Resources */ = {isa = PBXBuildFile; fileRef = 3D07A2AA1ED1B1B600BFCE3A /* LaunchScreen.storyboard */; };
		3D07A2B71ED1B1B700BFCE3A /* HotdogSlingerTests.swift in Sources */ = {isa = PBXBuildFile; fileRef = 3D07A2B61ED1B1B700BFCE3A /* HotdogSlingerTests.swift */; };
		3D07A2C51ED1B2F000BFCE3A /* MenuViewController.swift in Sources */ = {isa = PBXBuildFile; fileRef = 3D07A2C41ED1B2F000BFCE3A /* MenuViewController.swift */; };
		3D3430D31F349D8A00B71BDC /* Assets.xcassets in Resources */ = {isa = PBXBuildFile; fileRef = 3D8E75341F349BE10019035A /* Assets.xcassets */; };
		3D82D2EA1F4564B300A5C55A /* TutorialView.swift in Sources */ = {isa = PBXBuildFile; fileRef = 3D82D2E91F4564B300A5C55A /* TutorialView.swift */; };
		3D84FB631F4D631D00D97C4D /* Sauce.swift in Sources */ = {isa = PBXBuildFile; fileRef = 3D84FB621F4D631D00D97C4D /* Sauce.swift */; };
		3D857D791F2F2466001C8E28 /* Constants.swift in Sources */ = {isa = PBXBuildFile; fileRef = 3D857D781F2F2466001C8E28 /* Constants.swift */; };
		3D9F41951F4B8574005CDE44 /* mrjj_fall.wav in Resources */ = {isa = PBXBuildFile; fileRef = 3D9F41931F4B8574005CDE44 /* mrjj_fall.wav */; };
		3D9F41961F4B8574005CDE44 /* mrjj_hop.wav in Resources */ = {isa = PBXBuildFile; fileRef = 3D9F41941F4B8574005CDE44 /* mrjj_hop.wav */; };
		3D9F41991F4B8580005CDE44 /* han_fall.wav in Resources */ = {isa = PBXBuildFile; fileRef = 3D9F41971F4B8580005CDE44 /* han_fall.wav */; };
		3D9F419A1F4B8580005CDE44 /* han_hop.wav in Resources */ = {isa = PBXBuildFile; fileRef = 3D9F41981F4B8580005CDE44 /* han_hop.wav */; };
		3D9F419D1F4B858B005CDE44 /* jane_hop.wav in Resources */ = {isa = PBXBuildFile; fileRef = 3D9F419B1F4B858B005CDE44 /* jane_hop.wav */; };
		3D9F419E1F4B858B005CDE44 /* jane_fall.wav in Resources */ = {isa = PBXBuildFile; fileRef = 3D9F419C1F4B858B005CDE44 /* jane_fall.wav */; };
		3D9F41A01F4C214D005CDE44 /* Station.swift in Sources */ = {isa = PBXBuildFile; fileRef = 3D9F419F1F4C214D005CDE44 /* Station.swift */; };
		3DB6C21A1F486008005C86C9 /* CharacterCell.swift in Sources */ = {isa = PBXBuildFile; fileRef = 3DB6C2191F486008005C86C9 /* CharacterCell.swift */; };
		3DB6C21E1F48F79C005C86C9 /* Hotdog.swift in Sources */ = {isa = PBXBuildFile; fileRef = 3DB6C21D1F48F79C005C86C9 /* Hotdog.swift */; };
		3DCB1D3C1F46519E00FF6423 /* PauseView.swift in Sources */ = {isa = PBXBuildFile; fileRef = 3DCB1D3B1F46519E00FF6423 /* PauseView.swift */; };
		3DCB1D3E1F465B3700FF6423 /* GameoverView.swift in Sources */ = {isa = PBXBuildFile; fileRef = 3DCB1D3D1F465B3700FF6423 /* GameoverView.swift */; };
		3DDD00781F482B2300198865 /* StoreViewController.swift in Sources */ = {isa = PBXBuildFile; fileRef = 3DDD00771F482B2300198865 /* StoreViewController.swift */; };
		3DE3B76B1F393B4C0037FC18 /* MusicPlayer.swift in Sources */ = {isa = PBXBuildFile; fileRef = 3DE3B76A1F393B4C0037FC18 /* MusicPlayer.swift */; };
		3DEF5CCC1F31C1A900BFA806 /* Path.swift in Sources */ = {isa = PBXBuildFile; fileRef = 3DEF5CCB1F31C1A900BFA806 /* Path.swift */; };
/* End PBXBuildFile section */

/* Begin PBXContainerItemProxy section */
		3D07A2B31ED1B1B600BFCE3A /* PBXContainerItemProxy */ = {
			isa = PBXContainerItemProxy;
			containerPortal = 3D07A2901ED1B1B600BFCE3A /* Project object */;
			proxyType = 1;
			remoteGlobalIDString = 3D07A2971ED1B1B600BFCE3A;
			remoteInfo = HotdogSlinger;
		};
/* End PBXContainerItemProxy section */

/* Begin PBXFileReference section */
		3D023F791F49406E0099BCA9 /* Checkbox.swift */ = {isa = PBXFileReference; lastKnownFileType = sourcecode.swift; path = Checkbox.swift; sourceTree = "<group>"; };
		3D023F7B1F4943220099BCA9 /* Brother_Jack.mp3 */ = {isa = PBXFileReference; lastKnownFileType = audio.mp3; path = Brother_Jack.mp3; sourceTree = "<group>"; };
		3D032C652E7BECEE00C4FD5E /* AppCoordinator.swift */ = {isa = PBXFileReference; lastKnownFileType = sourcecode.swift; path = AppCoordinator.swift; sourceTree = "<group>"; };
		3D032C672E7BED2000C4FD5E /* SceneDelegate.swift */ = {isa = PBXFileReference; lastKnownFileType = sourcecode.swift; path = SceneDelegate.swift; sourceTree = "<group>"; };
		3D032C692E7BED8500C4FD5E /* Ads.swift */ = {isa = PBXFileReference; lastKnownFileType = sourcecode.swift; path = Ads.swift; sourceTree = "<group>"; };
		3D032C6B2E7BEDAD00C4FD5E /* IAP.swift */ = {isa = PBXFileReference; lastKnownFileType = sourcecode.swift; path = IAP.swift; sourceTree = "<group>"; };
		3D032C6D2E7BEE1500C4FD5E /* Persistence.swift */ = {isa = PBXFileReference; lastKnownFileType = sourcecode.swift; path = Persistence.swift; sourceTree = "<group>"; };
		3D032C6F2E7BEE4300C4FD5E /* Analytics.swift */ = {isa = PBXFileReference; lastKnownFileType = sourcecode.swift; path = Analytics.swift; sourceTree = "<group>"; };
		3D032C712E7BEE6500C4FD5E /* Container.swift */ = {isa = PBXFileReference; lastKnownFileType = sourcecode.swift; path = Container.swift; sourceTree = "<group>"; };
		3D032C732E7BEEEE00C4FD5E /* GameCoordinator.swift */ = {isa = PBXFileReference; lastKnownFileType = sourcecode.swift; path = GameCoordinator.swift; sourceTree = "<group>"; };
		3D032C752E7BEF3000C4FD5E /* GameViewModel.swift */ = {isa = PBXFileReference; lastKnownFileType = sourcecode.swift; path = GameViewModel.swift; sourceTree = "<group>"; };
		3D07A2981ED1B1B600BFCE3A /* HotdogUp.app */ = {isa = PBXFileReference; explicitFileType = wrapper.application; includeInIndex = 0; path = HotdogUp.app; sourceTree = BUILT_PRODUCTS_DIR; };
		3D07A29B1ED1B1B600BFCE3A /* AppDelegate.swift */ = {isa = PBXFileReference; lastKnownFileType = sourcecode.swift; path = AppDelegate.swift; sourceTree = "<group>"; };
		3D07A2A11ED1B1B600BFCE3A /* GameScene.swift */ = {isa = PBXFileReference; lastKnownFileType = sourcecode.swift; path = GameScene.swift; sourceTree = "<group>"; };
		3D07A2A31ED1B1B600BFCE3A /* GameViewController.swift */ = {isa = PBXFileReference; lastKnownFileType = sourcecode.swift; path = GameViewController.swift; sourceTree = "<group>"; };
		3D07A2A61ED1B1B600BFCE3A /* Base */ = {isa = PBXFileReference; lastKnownFileType = file.storyboard; name = Base; path = Base.lproj/Main.storyboard; sourceTree = "<group>"; };
		3D07A2AB1ED1B1B600BFCE3A /* Base */ = {isa = PBXFileReference; lastKnownFileType = file.storyboard; name = Base; path = Base.lproj/LaunchScreen.storyboard; sourceTree = "<group>"; };
		3D07A2AD1ED1B1B600BFCE3A /* Info.plist */ = {isa = PBXFileReference; lastKnownFileType = text.plist.xml; path = Info.plist; sourceTree = "<group>"; };
		3D07A2B21ED1B1B600BFCE3A /* HotdogUpTests.xctest */ = {isa = PBXFileReference; explicitFileType = wrapper.cfbundle; includeInIndex = 0; path = HotdogUpTests.xctest; sourceTree = BUILT_PRODUCTS_DIR; };
		3D07A2B61ED1B1B700BFCE3A /* HotdogSlingerTests.swift */ = {isa = PBXFileReference; lastKnownFileType = sourcecode.swift; path = HotdogSlingerTests.swift; sourceTree = "<group>"; };
		3D07A2B81ED1B1B700BFCE3A /* Info.plist */ = {isa = PBXFileReference; lastKnownFileType = text.plist.xml; path = Info.plist; sourceTree = "<group>"; };
		3D07A2C41ED1B2F000BFCE3A /* MenuViewController.swift */ = {isa = PBXFileReference; fileEncoding = 4; lastKnownFileType = sourcecode.swift; path = MenuViewController.swift; sourceTree = "<group>"; };
		3D82D2E91F4564B300A5C55A /* TutorialView.swift */ = {isa = PBXFileReference; lastKnownFileType = sourcecode.swift; path = TutorialView.swift; sourceTree = "<group>"; };
		3D84FB621F4D631D00D97C4D /* Sauce.swift */ = {isa = PBXFileReference; fileEncoding = 4; lastKnownFileType = sourcecode.swift; path = Sauce.swift; sourceTree = "<group>"; };
		3D857D781F2F2466001C8E28 /* Constants.swift */ = {isa = PBXFileReference; lastKnownFileType = sourcecode.swift; path = Constants.swift; sourceTree = "<group>"; };
		3D8E75341F349BE10019035A /* Assets.xcassets */ = {isa = PBXFileReference; lastKnownFileType = folder.assetcatalog; name = Assets.xcassets; path = HotdogUp/Assets.xcassets; sourceTree = SOURCE_ROOT; };
		3D9D727F1F4EC24500623238 /* Flurry_iOS_SDK.framework */ = {isa = PBXFileReference; lastKnownFileType = wrapper.framework; name = Flurry_iOS_SDK.framework; path = "Pods/../build/Debug-iphoneos/Flurry-iOS-SDK/Flurry_iOS_SDK.framework"; sourceTree = "<group>"; };
		3D9F41931F4B8574005CDE44 /* mrjj_fall.wav */ = {isa = PBXFileReference; lastKnownFileType = audio.wav; path = mrjj_fall.wav; sourceTree = "<group>"; };
		3D9F41941F4B8574005CDE44 /* mrjj_hop.wav */ = {isa = PBXFileReference; lastKnownFileType = audio.wav; path = mrjj_hop.wav; sourceTree = "<group>"; };
		3D9F41971F4B8580005CDE44 /* han_fall.wav */ = {isa = PBXFileReference; lastKnownFileType = audio.wav; path = han_fall.wav; sourceTree = "<group>"; };
		3D9F41981F4B8580005CDE44 /* han_hop.wav */ = {isa = PBXFileReference; lastKnownFileType = audio.wav; path = han_hop.wav; sourceTree = "<group>"; };
		3D9F419B1F4B858B005CDE44 /* jane_hop.wav */ = {isa = PBXFileReference; lastKnownFileType = audio.wav; path = jane_hop.wav; sourceTree = "<group>"; };
		3D9F419C1F4B858B005CDE44 /* jane_fall.wav */ = {isa = PBXFileReference; lastKnownFileType = audio.wav; path = jane_fall.wav; sourceTree = "<group>"; };
		3D9F419F1F4C214D005CDE44 /* Station.swift */ = {isa = PBXFileReference; fileEncoding = 4; lastKnownFileType = sourcecode.swift; path = Station.swift; sourceTree = "<group>"; };
		3DB6C2191F486008005C86C9 /* CharacterCell.swift */ = {isa = PBXFileReference; lastKnownFileType = sourcecode.swift; path = CharacterCell.swift; sourceTree = "<group>"; };
		3DB6C21D1F48F79C005C86C9 /* Hotdog.swift */ = {isa = PBXFileReference; lastKnownFileType = sourcecode.swift; path = Hotdog.swift; sourceTree = "<group>"; };
		3DCB1D3B1F46519E00FF6423 /* PauseView.swift */ = {isa = PBXFileReference; lastKnownFileType = sourcecode.swift; path = PauseView.swift; sourceTree = "<group>"; };
		3DCB1D3D1F465B3700FF6423 /* GameoverView.swift */ = {isa = PBXFileReference; lastKnownFileType = sourcecode.swift; path = GameoverView.swift; sourceTree = "<group>"; };
		3DDD00771F482B2300198865 /* StoreViewController.swift */ = {isa = PBXFileReference; lastKnownFileType = sourcecode.swift; path = StoreViewController.swift; sourceTree = "<group>"; };
		3DE3B76A1F393B4C0037FC18 /* MusicPlayer.swift */ = {isa = PBXFileReference; lastKnownFileType = sourcecode.swift; path = MusicPlayer.swift; sourceTree = "<group>"; };
		3DEF5CCB1F31C1A900BFA806 /* Path.swift */ = {isa = PBXFileReference; lastKnownFileType = sourcecode.swift; path = Path.swift; sourceTree = "<group>"; };
/* End PBXFileReference section */

/* Begin PBXFrameworksBuildPhase section */
		3D07A2951ED1B1B600BFCE3A /* Frameworks */ = {
			isa = PBXFrameworksBuildPhase;
			buildActionMask = 2147483647;
			files = (
				3D032C642E7BEB5E00C4FD5E /* SnapKit in Frameworks */,
				3D032C602E7BEB3800C4FD5E /* SnapKit in Frameworks */,
			);
			runOnlyForDeploymentPostprocessing = 0;
		};
		3D07A2AF1ED1B1B600BFCE3A /* Frameworks */ = {
			isa = PBXFrameworksBuildPhase;
			buildActionMask = 2147483647;
			files = (
			);
			runOnlyForDeploymentPostprocessing = 0;
		};
/* End PBXFrameworksBuildPhase section */

/* Begin PBXGroup section */
		10A315D10CAD015480461E36 /* Frameworks */ = {
			isa = PBXGroup;
			children = (
				3D9D727F1F4EC24500623238 /* Flurry_iOS_SDK.framework */,
			);
			name = Frameworks;
			sourceTree = "<group>";
		};
		3D032C522E7BE83300C4FD5E /* App */ = {
			isa = PBXGroup;
			children = (
				3D032C672E7BED2000C4FD5E /* SceneDelegate.swift */,
				3D032C652E7BECEE00C4FD5E /* AppCoordinator.swift */,
				3D07A29B1ED1B1B600BFCE3A /* AppDelegate.swift */,
			);
			path = App;
			sourceTree = "<group>";
		};
		3D032C532E7BE86000C4FD5E /* Core */ = {
			isa = PBXGroup;
			children = (
				3D032C5A2E7BE89300C4FD5E /* Utils */,
				3D032C592E7BE88D00C4FD5E /* Persistence */,
				3D032C582E7BE88300C4FD5E /* Networking */,
				3D032C572E7BE87E00C4FD5E /* IAP */,
				3D032C562E7BE87A00C4FD5E /* Ads */,
				3D032C552E7BE87400C4FD5E /* Analytics */,
				3D032C542E7BE86D00C4FD5E /* DI */,
			);
			path = Core;
			sourceTree = "<group>";
		};
		3D032C542E7BE86D00C4FD5E /* DI */ = {
			isa = PBXGroup;
			children = (
				3D032C712E7BEE6500C4FD5E /* Container.swift */,
			);
			path = DI;
			sourceTree = "<group>";
		};
		3D032C552E7BE87400C4FD5E /* Analytics */ = {
			isa = PBXGroup;
			children = (
				3D032C6F2E7BEE4300C4FD5E /* Analytics.swift */,
			);
			path = Analytics;
			sourceTree = "<group>";
		};
		3D032C562E7BE87A00C4FD5E /* Ads */ = {
			isa = PBXGroup;
			children = (
				3D032C692E7BED8500C4FD5E /* Ads.swift */,
			);
			path = Ads;
			sourceTree = "<group>";
		};
		3D032C572E7BE87E00C4FD5E /* IAP */ = {
			isa = PBXGroup;
			children = (
				3D032C6B2E7BEDAD00C4FD5E /* IAP.swift */,
			);
			path = IAP;
			sourceTree = "<group>";
		};
		3D032C582E7BE88300C4FD5E /* Networking */ = {
			isa = PBXGroup;
			children = (
			);
			path = Networking;
			sourceTree = "<group>";
		};
		3D032C592E7BE88D00C4FD5E /* Persistence */ = {
			isa = PBXGroup;
			children = (
				3D032C6D2E7BEE1500C4FD5E /* Persistence.swift */,
			);
			path = Persistence;
			sourceTree = "<group>";
		};
		3D032C5A2E7BE89300C4FD5E /* Utils */ = {
			isa = PBXGroup;
			children = (
			);
			path = Utils;
			sourceTree = "<group>";
		};
		3D032C5B2E7BE89C00C4FD5E /* Features */ = {
			isa = PBXGroup;
			children = (
				3D032C5D2E7BE8BF00C4FD5E /* Store */,
				3D032C5C2E7BE8B600C4FD5E /* Game */,
			);
			path = Features;
			sourceTree = "<group>";
		};
		3D032C5C2E7BE8B600C4FD5E /* Game */ = {
			isa = PBXGroup;
			children = (
				3D032C752E7BEF3000C4FD5E /* GameViewModel.swift */,
				3D032C732E7BEEEE00C4FD5E /* GameCoordinator.swift */,
				3D07A2A31ED1B1B600BFCE3A /* GameViewController.swift */,
			);
			path = Game;
			sourceTree = "<group>";
		};
		3D032C5D2E7BE8BF00C4FD5E /* Store */ = {
			isa = PBXGroup;
			children = (
				3DDD00771F482B2300198865 /* StoreViewController.swift */,
			);
			path = Store;
			sourceTree = "<group>";
		};
		3D07A28F1ED1B1B600BFCE3A = {
			isa = PBXGroup;
			children = (
				3D07A29A1ED1B1B600BFCE3A /* HotdogUp */,
				3D07A2B51ED1B1B700BFCE3A /* HotdogUpTests */,
				3D07A2991ED1B1B600BFCE3A /* Products */,
				10A315D10CAD015480461E36 /* Frameworks */,
			);
			sourceTree = "<group>";
		};
		3D07A2991ED1B1B600BFCE3A /* Products */ = {
			isa = PBXGroup;
			children = (
				3D07A2981ED1B1B600BFCE3A /* HotdogUp.app */,
				3D07A2B21ED1B1B600BFCE3A /* HotdogUpTests.xctest */,
			);
			name = Products;
			sourceTree = "<group>";
		};
		3D07A29A1ED1B1B600BFCE3A /* HotdogUp */ = {
			isa = PBXGroup;
			children = (
				3D032C532E7BE86000C4FD5E /* Core */,
				3D032C522E7BE83300C4FD5E /* App */,
				3D07A2C31ED1B2A300BFCE3A /* Controller */,
				3D07A2C21ED1B2A000BFCE3A /* View */,
				3D07A2C11ED1B29700BFCE3A /* Model */,
				3D45CB051F369104002B4D2F /* Supporting Files */,
				3D032C5B2E7BE89C00C4FD5E /* Features */,
			);
			path = HotdogUp;
			sourceTree = "<group>";
		};
		3D07A2B51ED1B1B700BFCE3A /* HotdogUpTests */ = {
			isa = PBXGroup;
			children = (
				3D07A2B61ED1B1B700BFCE3A /* HotdogSlingerTests.swift */,
				3D07A2B81ED1B1B700BFCE3A /* Info.plist */,
			);
			path = HotdogUpTests;
			sourceTree = "<group>";
		};
		3D07A2C11ED1B29700BFCE3A /* Model */ = {
			isa = PBXGroup;
			children = (
				3DEF5CCB1F31C1A900BFA806 /* Path.swift */,
				3DB6C21D1F48F79C005C86C9 /* Hotdog.swift */,
				3D9F419F1F4C214D005CDE44 /* Station.swift */,
				3D84FB621F4D631D00D97C4D /* Sauce.swift */,
			);
			name = Model;
			sourceTree = "<group>";
		};
		3D07A2C21ED1B2A000BFCE3A /* View */ = {
			isa = PBXGroup;
			children = (
				3D023F791F49406E0099BCA9 /* Checkbox.swift */,
				3DB6C2191F486008005C86C9 /* CharacterCell.swift */,
				3D07A2A51ED1B1B600BFCE3A /* Main.storyboard */,
				3D82D2E91F4564B300A5C55A /* TutorialView.swift */,
				3DCB1D3B1F46519E00FF6423 /* PauseView.swift */,
				3DCB1D3D1F465B3700FF6423 /* GameoverView.swift */,
				3D07A2AA1ED1B1B600BFCE3A /* LaunchScreen.storyboard */,
			);
			name = View;
			sourceTree = "<group>";
		};
		3D07A2C31ED1B2A300BFCE3A /* Controller */ = {
			isa = PBXGroup;
			children = (
				3D07A2C41ED1B2F000BFCE3A /* MenuViewController.swift */,
				3D07A2A11ED1B1B600BFCE3A /* GameScene.swift */,
				3D857D781F2F2466001C8E28 /* Constants.swift */,
				3DE3B76A1F393B4C0037FC18 /* MusicPlayer.swift */,
			);
			name = Controller;
			sourceTree = "<group>";
		};
		3D45CB051F369104002B4D2F /* Supporting Files */ = {
			isa = PBXGroup;
			children = (
				3D07A2AD1ED1B1B600BFCE3A /* Info.plist */,
				3D9F419B1F4B858B005CDE44 /* jane_hop.wav */,
				3D9F419C1F4B858B005CDE44 /* jane_fall.wav */,
				3D023F7B1F4943220099BCA9 /* Brother_Jack.mp3 */,
				3D9F41971F4B8580005CDE44 /* han_fall.wav */,
				3D9F41981F4B8580005CDE44 /* han_hop.wav */,
				3D9F41931F4B8574005CDE44 /* mrjj_fall.wav */,
				3D9F41941F4B8574005CDE44 /* mrjj_hop.wav */,
				3D8E75341F349BE10019035A /* Assets.xcassets */,
			);
			name = "Supporting Files";
			sourceTree = "<group>";
		};
/* End PBXGroup section */

/* Begin PBXNativeTarget section */
		3D07A2971ED1B1B600BFCE3A /* HotdogUp */ = {
			isa = PBXNativeTarget;
			buildConfigurationList = 3D07A2BB1ED1B1B700BFCE3A /* Build configuration list for PBXNativeTarget "HotdogUp" */;
			buildPhases = (
				3D07A2941ED1B1B600BFCE3A /* Sources */,
				3D07A2951ED1B1B600BFCE3A /* Frameworks */,
				3D07A2961ED1B1B600BFCE3A /* Resources */,
			);
			buildRules = (
			);
			dependencies = (
			);
			name = HotdogUp;
			productName = HotdogSlinger;
			productReference = 3D07A2981ED1B1B600BFCE3A /* HotdogUp.app */;
			productType = "com.apple.product-type.application";
		};
		3D07A2B11ED1B1B600BFCE3A /* HotdogUpTests */ = {
			isa = PBXNativeTarget;
			buildConfigurationList = 3D07A2BE1ED1B1B700BFCE3A /* Build configuration list for PBXNativeTarget "HotdogUpTests" */;
			buildPhases = (
				3D07A2AE1ED1B1B600BFCE3A /* Sources */,
				3D07A2AF1ED1B1B600BFCE3A /* Frameworks */,
				3D07A2B01ED1B1B600BFCE3A /* Resources */,
			);
			buildRules = (
			);
			dependencies = (
				3D07A2B41ED1B1B600BFCE3A /* PBXTargetDependency */,
			);
			name = HotdogUpTests;
			productName = HotdogSlingerTests;
			productReference = 3D07A2B21ED1B1B600BFCE3A /* HotdogUpTests.xctest */;
			productType = "com.apple.product-type.bundle.unit-test";
		};
/* End PBXNativeTarget section */

/* Begin PBXProject section */
		3D07A2901ED1B1B600BFCE3A /* Project object */ = {
			isa = PBXProject;
			attributes = {
				BuildIndependentTargetsInParallel = YES;
				LastSwiftUpdateCheck = 0830;
				LastUpgradeCheck = 1620;
				ORGANIZATIONNAME = "Cathy Oun";
				TargetAttributes = {
					3D07A2971ED1B1B600BFCE3A = {
						CreatedOnToolsVersion = 8.3.2;
						DevelopmentTeam = 597HR9EHGW;
						LastSwiftMigration = 0900;
						ProvisioningStyle = Automatic;
						SystemCapabilities = {
							com.apple.InAppPurchase = {
								enabled = 1;
							};
							com.apple.Push = {
								enabled = 0;
							};
						};
					};
					3D07A2B11ED1B1B600BFCE3A = {
						CreatedOnToolsVersion = 8.3.2;
						DevelopmentTeam = 597HR9EHGW;
						LastSwiftMigration = 0900;
						ProvisioningStyle = Automatic;
						TestTargetID = 3D07A2971ED1B1B600BFCE3A;
					};
				};
			};
			buildConfigurationList = 3D07A2931ED1B1B600BFCE3A /* Build configuration list for PBXProject "HotdogUp" */;
			compatibilityVersion = "Xcode 3.2";
			developmentRegion = English;
			hasScannedForEncodings = 0;
			knownRegions = (
				English,
				en,
				Base,
			);
			mainGroup = 3D07A28F1ED1B1B600BFCE3A;
			packageReferences = (
				3D032C5E2E7BEA9E00C4FD5E /* XCRemoteSwiftPackageReference "SnapKit" */,
			);
			productRefGroup = 3D07A2991ED1B1B600BFCE3A /* Products */;
			projectDirPath = "";
			projectRoot = "";
			targets = (
				3D07A2971ED1B1B600BFCE3A /* HotdogUp */,
				3D07A2B11ED1B1B600BFCE3A /* HotdogUpTests */,
			);
		};
/* End PBXProject section */

/* Begin PBXResourcesBuildPhase section */
		3D07A2961ED1B1B600BFCE3A /* Resources */ = {
			isa = PBXResourcesBuildPhase;
			buildActionMask = 2147483647;
			files = (
				3D023F7E1F49436B0099BCA9 /* Brother_Jack.mp3 in Resources */,
				3D9F41991F4B8580005CDE44 /* han_fall.wav in Resources */,
				3D07A2A71ED1B1B600BFCE3A /* Main.storyboard in Resources */,
				3D9F419E1F4B858B005CDE44 /* jane_fall.wav in Resources */,
				3D9F41961F4B8574005CDE44 /* mrjj_hop.wav in Resources */,
				3D9F419D1F4B858B005CDE44 /* jane_hop.wav in Resources */,
				3D9F419A1F4B8580005CDE44 /* han_hop.wav in Resources */,
				3D3430D31F349D8A00B71BDC /* Assets.xcassets in Resources */,
				3D07A2AC1ED1B1B600BFCE3A /* LaunchScreen.storyboard in Resources */,
				3D9F41951F4B8574005CDE44 /* mrjj_fall.wav in Resources */,
			);
			runOnlyForDeploymentPostprocessing = 0;
		};
		3D07A2B01ED1B1B600BFCE3A /* Resources */ = {
			isa = PBXResourcesBuildPhase;
			buildActionMask = 2147483647;
			files = (
			);
			runOnlyForDeploymentPostprocessing = 0;
		};
/* End PBXResourcesBuildPhase section */

/* Begin PBXSourcesBuildPhase section */
		3D07A2941ED1B1B600BFCE3A /* Sources */ = {
			isa = PBXSourcesBuildPhase;
			buildActionMask = 2147483647;
			files = (
				3D032C762E7BEF3600C4FD5E /* GameViewModel.swift in Sources */,
				3DB6C21A1F486008005C86C9 /* CharacterCell.swift in Sources */,
				3D07A2A21ED1B1B600BFCE3A /* GameScene.swift in Sources */,
				3D032C662E7BECF400C4FD5E /* AppCoordinator.swift in Sources */,
				3D032C6E2E7BEE2400C4FD5E /* Persistence.swift in Sources */,
				3D032C702E7BEE4B00C4FD5E /* Analytics.swift in Sources */,
				3D82D2EA1F4564B300A5C55A /* TutorialView.swift in Sources */,
				3D032C742E7BEEF600C4FD5E /* GameCoordinator.swift in Sources */,
				3DDD00781F482B2300198865 /* StoreViewController.swift in Sources */,
				3DE3B76B1F393B4C0037FC18 /* MusicPlayer.swift in Sources */,
				3DEF5CCC1F31C1A900BFA806 /* Path.swift in Sources */,
				3D032C6A2E7BED8F00C4FD5E /* Ads.swift in Sources */,
				3D9F41A01F4C214D005CDE44 /* Station.swift in Sources */,
				3D07A2A41ED1B1B600BFCE3A /* GameViewController.swift in Sources */,
				3DCB1D3E1F465B3700FF6423 /* GameoverView.swift in Sources */,
				3D07A29C1ED1B1B600BFCE3A /* AppDelegate.swift in Sources */,
				3D032C682E7BED2B00C4FD5E /* SceneDelegate.swift in Sources */,
				3DB6C21E1F48F79C005C86C9 /* Hotdog.swift in Sources */,
				3DCB1D3C1F46519E00FF6423 /* PauseView.swift in Sources */,
				3D84FB631F4D631D00D97C4D /* Sauce.swift in Sources */,
				3D07A2C51ED1B2F000BFCE3A /* MenuViewController.swift in Sources */,
				3D032C722E7BEE6800C4FD5E /* Container.swift in Sources */,
				3D857D791F2F2466001C8E28 /* Constants.swift in Sources */,
				3D032C6C2E7BEDB500C4FD5E /* IAP.swift in Sources */,
				3D023F7A1F4942C60099BCA9 /* Checkbox.swift in Sources */,
			);
			runOnlyForDeploymentPostprocessing = 0;
		};
		3D07A2AE1ED1B1B600BFCE3A /* Sources */ = {
			isa = PBXSourcesBuildPhase;
			buildActionMask = 2147483647;
			files = (
				3D07A2B71ED1B1B700BFCE3A /* HotdogSlingerTests.swift in Sources */,
			);
			runOnlyForDeploymentPostprocessing = 0;
		};
/* End PBXSourcesBuildPhase section */

/* Begin PBXTargetDependency section */
		3D07A2B41ED1B1B600BFCE3A /* PBXTargetDependency */ = {
			isa = PBXTargetDependency;
			target = 3D07A2971ED1B1B600BFCE3A /* HotdogUp */;
			targetProxy = 3D07A2B31ED1B1B600BFCE3A /* PBXContainerItemProxy */;
		};
/* End PBXTargetDependency section */

/* Begin PBXVariantGroup section */
		3D07A2A51ED1B1B600BFCE3A /* Main.storyboard */ = {
			isa = PBXVariantGroup;
			children = (
				3D07A2A61ED1B1B600BFCE3A /* Base */,
			);
			name = Main.storyboard;
			sourceTree = "<group>";
		};
		3D07A2AA1ED1B1B600BFCE3A /* LaunchScreen.storyboard */ = {
			isa = PBXVariantGroup;
			children = (
				3D07A2AB1ED1B1B600BFCE3A /* Base */,
			);
			name = LaunchScreen.storyboard;
			sourceTree = "<group>";
		};
/* End PBXVariantGroup section */

/* Begin XCBuildConfiguration section */
		3D07A2B91ED1B1B700BFCE3A /* Debug */ = {
			isa = XCBuildConfiguration;
			buildSettings = {
				ALWAYS_SEARCH_USER_PATHS = NO;
				CLANG_ANALYZER_LOCALIZABILITY_NONLOCALIZED = YES;
				CLANG_ANALYZER_NONNULL = YES;
				CLANG_ANALYZER_NUMBER_OBJECT_CONVERSION = YES_AGGRESSIVE;
				CLANG_CXX_LANGUAGE_STANDARD = "gnu++0x";
				CLANG_CXX_LIBRARY = "libc++";
				CLANG_ENABLE_MODULES = YES;
				CLANG_ENABLE_OBJC_ARC = YES;
				CLANG_WARN_BLOCK_CAPTURE_AUTORELEASING = YES;
				CLANG_WARN_BOOL_CONVERSION = YES;
				CLANG_WARN_COMMA = YES;
				CLANG_WARN_CONSTANT_CONVERSION = YES;
				CLANG_WARN_DEPRECATED_OBJC_IMPLEMENTATIONS = YES;
				CLANG_WARN_DIRECT_OBJC_ISA_USAGE = YES_ERROR;
				CLANG_WARN_DOCUMENTATION_COMMENTS = YES;
				CLANG_WARN_EMPTY_BODY = YES;
				CLANG_WARN_ENUM_CONVERSION = YES;
				CLANG_WARN_INFINITE_RECURSION = YES;
				CLANG_WARN_INT_CONVERSION = YES;
				CLANG_WARN_NON_LITERAL_NULL_CONVERSION = YES;
				CLANG_WARN_OBJC_IMPLICIT_RETAIN_SELF = YES;
				CLANG_WARN_OBJC_LITERAL_CONVERSION = YES;
				CLANG_WARN_OBJC_ROOT_CLASS = YES_ERROR;
				CLANG_WARN_QUOTED_INCLUDE_IN_FRAMEWORK_HEADER = YES;
				CLANG_WARN_RANGE_LOOP_ANALYSIS = YES;
				CLANG_WARN_STRICT_PROTOTYPES = YES;
				CLANG_WARN_SUSPICIOUS_MOVE = YES;
				CLANG_WARN_UNREACHABLE_CODE = YES;
				CLANG_WARN__DUPLICATE_METHOD_MATCH = YES;
				"CODE_SIGN_IDENTITY[sdk=iphoneos*]" = "iPhone Developer";
				COPY_PHASE_STRIP = NO;
				DEBUG_INFORMATION_FORMAT = "dwarf-with-dsym";
				ENABLE_STRICT_OBJC_MSGSEND = YES;
				ENABLE_TESTABILITY = YES;
				ENABLE_USER_SCRIPT_SANDBOXING = YES;
				GCC_C_LANGUAGE_STANDARD = gnu99;
				GCC_DYNAMIC_NO_PIC = NO;
				GCC_NO_COMMON_BLOCKS = YES;
				GCC_OPTIMIZATION_LEVEL = 0;
				GCC_PREPROCESSOR_DEFINITIONS = (
					"DEBUG=1",
					"$(inherited)",
				);
				GCC_WARN_64_TO_32_BIT_CONVERSION = YES;
				GCC_WARN_ABOUT_RETURN_TYPE = YES_ERROR;
				GCC_WARN_UNDECLARED_SELECTOR = YES;
				GCC_WARN_UNINITIALIZED_AUTOS = YES_AGGRESSIVE;
				GCC_WARN_UNUSED_FUNCTION = YES;
				GCC_WARN_UNUSED_VARIABLE = YES;
				IPHONEOS_DEPLOYMENT_TARGET = 12.0;
				MTL_ENABLE_DEBUG_INFO = YES;
				ONLY_ACTIVE_ARCH = YES;
				SDKROOT = iphoneos;
				SWIFT_ACTIVE_COMPILATION_CONDITIONS = "-DDEBUG";
				SWIFT_OPTIMIZATION_LEVEL = "-Onone";
				TARGETED_DEVICE_FAMILY = "1,2";
			};
			name = Debug;
		};
		3D07A2BA1ED1B1B700BFCE3A /* Release */ = {
			isa = XCBuildConfiguration;
			buildSettings = {
				ALWAYS_SEARCH_USER_PATHS = NO;
				CLANG_ANALYZER_LOCALIZABILITY_NONLOCALIZED = YES;
				CLANG_ANALYZER_NONNULL = YES;
				CLANG_ANALYZER_NUMBER_OBJECT_CONVERSION = YES_AGGRESSIVE;
				CLANG_CXX_LANGUAGE_STANDARD = "gnu++0x";
				CLANG_CXX_LIBRARY = "libc++";
				CLANG_ENABLE_MODULES = YES;
				CLANG_ENABLE_OBJC_ARC = YES;
				CLANG_WARN_BLOCK_CAPTURE_AUTORELEASING = YES;
				CLANG_WARN_BOOL_CONVERSION = YES;
				CLANG_WARN_COMMA = YES;
				CLANG_WARN_CONSTANT_CONVERSION = YES;
				CLANG_WARN_DEPRECATED_OBJC_IMPLEMENTATIONS = YES;
				CLANG_WARN_DIRECT_OBJC_ISA_USAGE = YES_ERROR;
				CLANG_WARN_DOCUMENTATION_COMMENTS = YES;
				CLANG_WARN_EMPTY_BODY = YES;
				CLANG_WARN_ENUM_CONVERSION = YES;
				CLANG_WARN_INFINITE_RECURSION = YES;
				CLANG_WARN_INT_CONVERSION = YES;
				CLANG_WARN_NON_LITERAL_NULL_CONVERSION = YES;
				CLANG_WARN_OBJC_IMPLICIT_RETAIN_SELF = YES;
				CLANG_WARN_OBJC_LITERAL_CONVERSION = YES;
				CLANG_WARN_OBJC_ROOT_CLASS = YES_ERROR;
				CLANG_WARN_QUOTED_INCLUDE_IN_FRAMEWORK_HEADER = YES;
				CLANG_WARN_RANGE_LOOP_ANALYSIS = YES;
				CLANG_WARN_STRICT_PROTOTYPES = YES;
				CLANG_WARN_SUSPICIOUS_MOVE = YES;
				CLANG_WARN_UNREACHABLE_CODE = YES;
				CLANG_WARN__DUPLICATE_METHOD_MATCH = YES;
				"CODE_SIGN_IDENTITY[sdk=iphoneos*]" = "iPhone Developer";
				COPY_PHASE_STRIP = NO;
				DEBUG_INFORMATION_FORMAT = "dwarf-with-dsym";
				ENABLE_NS_ASSERTIONS = NO;
				ENABLE_STRICT_OBJC_MSGSEND = YES;
				ENABLE_USER_SCRIPT_SANDBOXING = YES;
				GCC_C_LANGUAGE_STANDARD = gnu99;
				GCC_NO_COMMON_BLOCKS = YES;
				GCC_WARN_64_TO_32_BIT_CONVERSION = YES;
				GCC_WARN_ABOUT_RETURN_TYPE = YES_ERROR;
				GCC_WARN_UNDECLARED_SELECTOR = YES;
				GCC_WARN_UNINITIALIZED_AUTOS = YES_AGGRESSIVE;
				GCC_WARN_UNUSED_FUNCTION = YES;
				GCC_WARN_UNUSED_VARIABLE = YES;
				IPHONEOS_DEPLOYMENT_TARGET = 12.0;
				MTL_ENABLE_DEBUG_INFO = NO;
				SDKROOT = iphoneos;
				SWIFT_COMPILATION_MODE = wholemodule;
				SWIFT_OPTIMIZATION_LEVEL = "-O";
				TARGETED_DEVICE_FAMILY = "1,2";
				VALIDATE_PRODUCT = YES;
			};
			name = Release;
		};
		3D07A2BC1ED1B1B700BFCE3A /* Debug */ = {
			isa = XCBuildConfiguration;
			buildSettings = {
				ASSETCATALOG_COMPILER_APPICON_NAME = AppIcon;
				"CODE_SIGN_IDENTITY[sdk=iphoneos*]" = "iPhone Developer";
				DEVELOPMENT_TEAM = 597HR9EHGW;
				FRAMEWORK_SEARCH_PATHS = (
					"$(inherited)",
					"$(PROJECT_DIR)/build/Debug-iphoneos/Flurry-iOS-SDK",
				);
				INFOPLIST_FILE = HotdogUp/Info.plist;
				IPHONEOS_DEPLOYMENT_TARGET = 17.6;
				LD_RUNPATH_SEARCH_PATHS = (
					"$(inherited)",
					"@executable_path/Frameworks",
				);
				PRODUCT_BUNDLE_IDENTIFIER = com.cathyoun.HotdogUp;
				PRODUCT_NAME = HotdogUp;
				PROVISIONING_PROFILE = "";
				PROVISIONING_PROFILE_SPECIFIER = "";
				SWIFT_ACTIVE_COMPILATION_CONDITIONS = DEBUG;
				SWIFT_SWIFT3_OBJC_INFERENCE = Default;
				SWIFT_VERSION = 5.0;
				TARGETED_DEVICE_FAMILY = "1,2";
			};
			name = Debug;
		};
		3D07A2BD1ED1B1B700BFCE3A /* Release */ = {
			isa = XCBuildConfiguration;
			buildSettings = {
				ASSETCATALOG_COMPILER_APPICON_NAME = AppIcon;
				"CODE_SIGN_IDENTITY[sdk=iphoneos*]" = "iPhone Developer";
				DEVELOPMENT_TEAM = 597HR9EHGW;
				FRAMEWORK_SEARCH_PATHS = (
					"$(inherited)",
					"$(PROJECT_DIR)/build/Debug-iphoneos/Flurry-iOS-SDK",
				);
				INFOPLIST_FILE = HotdogUp/Info.plist;
				IPHONEOS_DEPLOYMENT_TARGET = 17.6;
				LD_RUNPATH_SEARCH_PATHS = (
					"$(inherited)",
					"@executable_path/Frameworks",
				);
				PRODUCT_BUNDLE_IDENTIFIER = com.cathyoun.HotdogUp;
				PRODUCT_NAME = HotdogUp;
				PROVISIONING_PROFILE = "";
				PROVISIONING_PROFILE_SPECIFIER = "";
				SWIFT_SWIFT3_OBJC_INFERENCE = Default;
				SWIFT_VERSION = 5.0;
				TARGETED_DEVICE_FAMILY = "1,2";
			};
			name = Release;
		};
		3D07A2BF1ED1B1B700BFCE3A /* Debug */ = {
			isa = XCBuildConfiguration;
			buildSettings = {
				BUNDLE_LOADER = "$(TEST_HOST)";
				DEVELOPMENT_TEAM = 597HR9EHGW;
				INFOPLIST_FILE = HotdogUpTests/Info.plist;
				LD_RUNPATH_SEARCH_PATHS = (
					"$(inherited)",
					"@executable_path/Frameworks",
					"@loader_path/Frameworks",
				);
				PRODUCT_BUNDLE_IDENTIFIER = com.cathyoun.HotdogUpTests;
				PRODUCT_NAME = "$(TARGET_NAME)";
				SWIFT_SWIFT3_OBJC_INFERENCE = On;
				SWIFT_VERSION = 5.0;
				TEST_HOST = "$(BUILT_PRODUCTS_DIR)/HotdogUp.app/HotdogSlinger";
			};
			name = Debug;
		};
		3D07A2C01ED1B1B700BFCE3A /* Release */ = {
			isa = XCBuildConfiguration;
			buildSettings = {
				BUNDLE_LOADER = "$(TEST_HOST)";
				DEVELOPMENT_TEAM = 597HR9EHGW;
				INFOPLIST_FILE = HotdogUpTests/Info.plist;
				LD_RUNPATH_SEARCH_PATHS = (
					"$(inherited)",
					"@executable_path/Frameworks",
					"@loader_path/Frameworks",
				);
				PRODUCT_BUNDLE_IDENTIFIER = com.cathyoun.HotdogUpTests;
				PRODUCT_NAME = "$(TARGET_NAME)";
				SWIFT_SWIFT3_OBJC_INFERENCE = On;
				SWIFT_VERSION = 5.0;
				TEST_HOST = "$(BUILT_PRODUCTS_DIR)/HotdogUp.app/HotdogSlinger";
			};
			name = Release;
		};
/* End XCBuildConfiguration section */

/* Begin XCConfigurationList section */
		3D07A2931ED1B1B600BFCE3A /* Build configuration list for PBXProject "HotdogUp" */ = {
			isa = XCConfigurationList;
			buildConfigurations = (
				3D07A2B91ED1B1B700BFCE3A /* Debug */,
				3D07A2BA1ED1B1B700BFCE3A /* Release */,
			);
			defaultConfigurationIsVisible = 0;
			defaultConfigurationName = Release;
		};
		3D07A2BB1ED1B1B700BFCE3A /* Build configuration list for PBXNativeTarget "HotdogUp" */ = {
			isa = XCConfigurationList;
			buildConfigurations = (
				3D07A2BC1ED1B1B700BFCE3A /* Debug */,
				3D07A2BD1ED1B1B700BFCE3A /* Release */,
			);
			defaultConfigurationIsVisible = 0;
			defaultConfigurationName = Release;
		};
		3D07A2BE1ED1B1B700BFCE3A /* Build configuration list for PBXNativeTarget "HotdogUpTests" */ = {
			isa = XCConfigurationList;
			buildConfigurations = (
				3D07A2BF1ED1B1B700BFCE3A /* Debug */,
				3D07A2C01ED1B1B700BFCE3A /* Release */,
			);
			defaultConfigurationIsVisible = 0;
			defaultConfigurationName = Release;
		};
/* End XCConfigurationList section */

/* Begin XCRemoteSwiftPackageReference section */
		3D032C5E2E7BEA9E00C4FD5E /* XCRemoteSwiftPackageReference "SnapKit" */ = {
			isa = XCRemoteSwiftPackageReference;
			repositoryURL = "https://github.com/SnapKit/SnapKit";
			requirement = {
				kind = upToNextMajorVersion;
				minimumVersion = 5.7.1;
			};
		};
/* End XCRemoteSwiftPackageReference section */

/* Begin XCSwiftPackageProductDependency section */
		3D032C5F2E7BEB3800C4FD5E /* SnapKit */ = {
			isa = XCSwiftPackageProductDependency;
			package = 3D032C5E2E7BEA9E00C4FD5E /* XCRemoteSwiftPackageReference "SnapKit" */;
			productName = SnapKit;
		};
		3D032C632E7BEB5E00C4FD5E /* SnapKit */ = {
			isa = XCSwiftPackageProductDependency;
			package = 3D032C5E2E7BEA9E00C4FD5E /* XCRemoteSwiftPackageReference "SnapKit" */;
			productName = SnapKit;
		};
/* End XCSwiftPackageProductDependency section */
	};
	rootObject = 3D07A2901ED1B1B600BFCE3A /* Project object */;
}
